
Microsoft Visual Studio Solution File, Format Version 12.00
Project("{2150E333-8FDC-42A3-9474-1A3956D46DE8}") = "Xml", "Xml", "{C5A219C0-339F-43E8-881A-296B419882C3}"
EndProject
Project("{2150E333-8FDC-42A3-9474-1A3956D46DE8}") = "XSLT", "XSLT", "{D2F86735-50E9-4CF2-A40D-64E6F65F9708}"
EndProject
Project("{FAE04EC0-301F-11D3-BF4B-00C04F79EFBC}") = "Playground.XsltTransform", "Library\Xml\XSLT\Playground.XsltTransform\Playground.XsltTransform.csproj", "{42FFBAD9-CDA3-4F09-9B8D-C5770036E6E1}"
EndProject
Project("{FAE04EC0-301F-11D3-BF4B-00C04F79EFBC}") = "Playground.XsltTransformTests", "Library\Xml\XSLT\Playground.XsltTransformTests\Playground.XsltTransformTests.csproj", "{AFA0B06F-97F4-4B84-BCFF-F1B411D8B94D}"
EndProject
Project("{FAE04EC0-301F-11D3-BF4B-00C04F79EFBC}") = "Playground.PaymentEngine.Api", "Playground.PaymentEngine.Api\Playground.PaymentEngine.Api.csproj", "{3345CFCB-61A3-4735-AEE5-9EAFA29FA0F7}"
EndProject
Project("{FAE04EC0-301F-11D3-BF4B-00C04F79EFBC}") = "Playground.Router", "Library\Playground.Router\Playground.Router.csproj", "{7C2C538D-E8EE-432F-8499-9CFEA1DA9846}"
EndProject
Project("{FAE04EC0-301F-11D3-BF4B-00C04F79EFBC}") = "Playground.Xml", "Library\Xml\Playground.Xml\Playground.Xml.csproj", "{33F8E524-F211-48D2-9CF2-C1B63DE756B8}"
EndProject
Project("{FAE04EC0-301F-11D3-BF4B-00C04F79EFBC}") = "Playground.Core", "Library\Playground.Core\Playground.Core.csproj", "{DCE8FECC-4242-4AF0-B441-8F10B2D8D439}"
EndProject
Project("{2150E333-8FDC-42A3-9474-1A3956D46DE8}") = "Rules", "Rules", "{CDBE39D0-B4DC-4735-9FAB-6BD702C493F8}"
EndProject
Project("{FAE04EC0-301F-11D3-BF4B-00C04F79EFBC}") = "Playground.Rules", "Library\Rules\Playground.Rules\Playground.Rules.csproj", "{11102D8F-AC6B-4C3C-B3F1-CC2F1D42AD89}"
EndProject
Project("{FAE04EC0-301F-11D3-BF4B-00C04F79EFBC}") = "Playground.Rules.Tests", "Library\Rules\Playground.Rules.Tests\Playground.Rules.Tests.csproj", "{5027204C-471E-44A2-B869-EAFCB0124333}"
EndProject
Project("{2150E333-8FDC-42A3-9474-1A3956D46DE8}") = "Stores", "Stores", "{09E272FD-F040-4266-944D-121BF9465612}"
EndProject
Project("{FAE04EC0-301F-11D3-BF4B-00C04F79EFBC}") = "Playground.PaymentEngine.Store", "Stores\Playground.PaymentEngine.Store\Playground.PaymentEngine.Store.csproj", "{B4FB852C-6116-4F78-8945-16547CCE5C49}"
EndProject
Project("{FAE04EC0-301F-11D3-BF4B-00C04F79EFBC}") = "Playground.PaymentEngine.Store.File", "Stores\Playground.PaymentEngine.Store.File\Playground.PaymentEngine.Store.File.csproj", "{843BBCD2-23D1-44A6-9CBF-4FB4739F8CC1}"
EndProject
Project("{FAE04EC0-301F-11D3-BF4B-00C04F79EFBC}") = "Playground.PaymentEngine.Application", "Applications\Playground.PaymentEngine.Application\Playground.PaymentEngine.Application.csproj", "{FD4E9569-EDC1-4464-8371-3C2233D43980}"
EndProject
Project("{FAE04EC0-301F-11D3-BF4B-00C04F79EFBC}") = "Playground.PaymentEngine.Rules.Store.File", "Stores\Playground.PaymentEngine.Rules.Store.File\Playground.PaymentEngine.Rules.Store.File.csproj", "{0718EF3D-92AF-4A44-8FB7-5A4C73520C2D}"
EndProject
Project("{FAE04EC0-301F-11D3-BF4B-00C04F79EFBC}") = "Playground.PaymentEngine.Rules.Store", "Stores\Playground.PaymentEngine.Rules.Store\Playground.PaymentEngine.Rules.Store.csproj", "{96392C8E-926A-4FA4-ACCD-E3F819190A9D}"
EndProject
Project("{2150E333-8FDC-42A3-9474-1A3956D46DE8}") = "Library", "Library", "{B36C29A7-0BE8-4C94-A93F-6B1F0D323898}"
EndProject
Project("{2150E333-8FDC-42A3-9474-1A3956D46DE8}") = "Api", "Api", "{E5D7D45E-84C3-4507-8594-1CCDFA6CC2C8}"
EndProject
Project("{2150E333-8FDC-42A3-9474-1A3956D46DE8}") = "Applications", "Applications", "{77E7D628-3530-40E0-B95D-78831E5BC076}"
EndProject
Project("{FAE04EC0-301F-11D3-BF4B-00C04F79EFBC}") = "Playground.PaymentEngine.External.Mock.Api", "Playground.PaymentEngine.External.Mock.Api\Playground.PaymentEngine.External.Mock.Api.csproj", "{D00BD186-63BE-420C-9198-69AA7C9B099D}"
EndProject
Project("{FAE04EC0-301F-11D3-BF4B-00C04F79EFBC}") = "Playground.PaymentEngine.Store.EF", "Stores\Playground.PaymentEngine.Store.EF\Playground.PaymentEngine.Store.EF.csproj", "{BEA75E11-0277-4ACF-A914-AB67682F4001}"
EndProject
Project("{2150E333-8FDC-42A3-9474-1A3956D46DE8}") = "UI", "UI", "{4A2DEF7A-43B7-49FB-8D69-A218FAE87687}"
EndProject
Global
	GlobalSection(SolutionConfigurationPlatforms) = preSolution
		Debug|Any CPU = Debug|Any CPU
		Release|Any CPU = Release|Any CPU
	EndGlobalSection
	GlobalSection(NestedProjects) = preSolution
		{D2F86735-50E9-4CF2-A40D-64E6F65F9708} = {C5A219C0-339F-43E8-881A-296B419882C3}
		{42FFBAD9-CDA3-4F09-9B8D-C5770036E6E1} = {D2F86735-50E9-4CF2-A40D-64E6F65F9708}
		{AFA0B06F-97F4-4B84-BCFF-F1B411D8B94D} = {D2F86735-50E9-4CF2-A40D-64E6F65F9708}
		{33F8E524-F211-48D2-9CF2-C1B63DE756B8} = {C5A219C0-339F-43E8-881A-296B419882C3}
		{11102D8F-AC6B-4C3C-B3F1-CC2F1D42AD89} = {CDBE39D0-B4DC-4735-9FAB-6BD702C493F8}
		{5027204C-471E-44A2-B869-EAFCB0124333} = {CDBE39D0-B4DC-4735-9FAB-6BD702C493F8}
		{B4FB852C-6116-4F78-8945-16547CCE5C49} = {09E272FD-F040-4266-944D-121BF9465612}
		{843BBCD2-23D1-44A6-9CBF-4FB4739F8CC1} = {09E272FD-F040-4266-944D-121BF9465612}
		{0718EF3D-92AF-4A44-8FB7-5A4C73520C2D} = {09E272FD-F040-4266-944D-121BF9465612}
		{96392C8E-926A-4FA4-ACCD-E3F819190A9D} = {09E272FD-F040-4266-944D-121BF9465612}
		{C5A219C0-339F-43E8-881A-296B419882C3} = {B36C29A7-0BE8-4C94-A93F-6B1F0D323898}
		{CDBE39D0-B4DC-4735-9FAB-6BD702C493F8} = {B36C29A7-0BE8-4C94-A93F-6B1F0D323898}
		{DCE8FECC-4242-4AF0-B441-8F10B2D8D439} = {B36C29A7-0BE8-4C94-A93F-6B1F0D323898}
		{7C2C538D-E8EE-432F-8499-9CFEA1DA9846} = {B36C29A7-0BE8-4C94-A93F-6B1F0D323898}
		{3345CFCB-61A3-4735-AEE5-9EAFA29FA0F7} = {E5D7D45E-84C3-4507-8594-1CCDFA6CC2C8}
		{FD4E9569-EDC1-4464-8371-3C2233D43980} = {77E7D628-3530-40E0-B95D-78831E5BC076}
		{D00BD186-63BE-420C-9198-69AA7C9B099D} = {E5D7D45E-84C3-4507-8594-1CCDFA6CC2C8}
		{BEA75E11-0277-4ACF-A914-AB67682F4001} = {09E272FD-F040-4266-944D-121BF9465612}
	EndGlobalSection
	GlobalSection(ProjectConfigurationPlatforms) = postSolution
		{42FFBAD9-CDA3-4F09-9B8D-C5770036E6E1}.Debug|Any CPU.ActiveCfg = Debug|Any CPU
		{42FFBAD9-CDA3-4F09-9B8D-C5770036E6E1}.Debug|Any CPU.Build.0 = Debug|Any CPU
		{42FFBAD9-CDA3-4F09-9B8D-C5770036E6E1}.Release|Any CPU.ActiveCfg = Release|Any CPU
		{42FFBAD9-CDA3-4F09-9B8D-C5770036E6E1}.Release|Any CPU.Build.0 = Release|Any CPU
		{AFA0B06F-97F4-4B84-BCFF-F1B411D8B94D}.Debug|Any CPU.ActiveCfg = Debug|Any CPU
		{AFA0B06F-97F4-4B84-BCFF-F1B411D8B94D}.Debug|Any CPU.Build.0 = Debug|Any CPU
		{AFA0B06F-97F4-4B84-BCFF-F1B411D8B94D}.Release|Any CPU.ActiveCfg = Release|Any CPU
		{AFA0B06F-97F4-4B84-BCFF-F1B411D8B94D}.Release|Any CPU.Build.0 = Release|Any CPU
		{3345CFCB-61A3-4735-AEE5-9EAFA29FA0F7}.Debug|Any CPU.ActiveCfg = Debug|Any CPU
		{3345CFCB-61A3-4735-AEE5-9EAFA29FA0F7}.Debug|Any CPU.Build.0 = Debug|Any CPU
		{3345CFCB-61A3-4735-AEE5-9EAFA29FA0F7}.Release|Any CPU.ActiveCfg = Release|Any CPU
		{3345CFCB-61A3-4735-AEE5-9EAFA29FA0F7}.Release|Any CPU.Build.0 = Release|Any CPU
		{7C2C538D-E8EE-432F-8499-9CFEA1DA9846}.Debug|Any CPU.ActiveCfg = Debug|Any CPU
		{7C2C538D-E8EE-432F-8499-9CFEA1DA9846}.Debug|Any CPU.Build.0 = Debug|Any CPU
		{7C2C538D-E8EE-432F-8499-9CFEA1DA9846}.Release|Any CPU.ActiveCfg = Release|Any CPU
		{7C2C538D-E8EE-432F-8499-9CFEA1DA9846}.Release|Any CPU.Build.0 = Release|Any CPU
		{33F8E524-F211-48D2-9CF2-C1B63DE756B8}.Debug|Any CPU.ActiveCfg = Debug|Any CPU
		{33F8E524-F211-48D2-9CF2-C1B63DE756B8}.Debug|Any CPU.Build.0 = Debug|Any CPU
		{33F8E524-F211-48D2-9CF2-C1B63DE756B8}.Release|Any CPU.ActiveCfg = Release|Any CPU
		{33F8E524-F211-48D2-9CF2-C1B63DE756B8}.Release|Any CPU.Build.0 = Release|Any CPU
		{DCE8FECC-4242-4AF0-B441-8F10B2D8D439}.Debug|Any CPU.ActiveCfg = Debug|Any CPU
		{DCE8FECC-4242-4AF0-B441-8F10B2D8D439}.Debug|Any CPU.Build.0 = Debug|Any CPU
		{DCE8FECC-4242-4AF0-B441-8F10B2D8D439}.Release|Any CPU.ActiveCfg = Release|Any CPU
		{DCE8FECC-4242-4AF0-B441-8F10B2D8D439}.Release|Any CPU.Build.0 = Release|Any CPU
		{11102D8F-AC6B-4C3C-B3F1-CC2F1D42AD89}.Debug|Any CPU.ActiveCfg = Debug|Any CPU
		{11102D8F-AC6B-4C3C-B3F1-CC2F1D42AD89}.Debug|Any CPU.Build.0 = Debug|Any CPU
		{11102D8F-AC6B-4C3C-B3F1-CC2F1D42AD89}.Release|Any CPU.ActiveCfg = Release|Any CPU
		{11102D8F-AC6B-4C3C-B3F1-CC2F1D42AD89}.Release|Any CPU.Build.0 = Release|Any CPU
		{5027204C-471E-44A2-B869-EAFCB0124333}.Debug|Any CPU.ActiveCfg = Debug|Any CPU
		{5027204C-471E-44A2-B869-EAFCB0124333}.Debug|Any CPU.Build.0 = Debug|Any CPU
		{5027204C-471E-44A2-B869-EAFCB0124333}.Release|Any CPU.ActiveCfg = Release|Any CPU
		{5027204C-471E-44A2-B869-EAFCB0124333}.Release|Any CPU.Build.0 = Release|Any CPU
		{B4FB852C-6116-4F78-8945-16547CCE5C49}.Debug|Any CPU.ActiveCfg = Debug|Any CPU
		{B4FB852C-6116-4F78-8945-16547CCE5C49}.Debug|Any CPU.Build.0 = Debug|Any CPU
		{B4FB852C-6116-4F78-8945-16547CCE5C49}.Release|Any CPU.ActiveCfg = Release|Any CPU
		{B4FB852C-6116-4F78-8945-16547CCE5C49}.Release|Any CPU.Build.0 = Release|Any CPU
		{843BBCD2-23D1-44A6-9CBF-4FB4739F8CC1}.Debug|Any CPU.ActiveCfg = Debug|Any CPU
		{843BBCD2-23D1-44A6-9CBF-4FB4739F8CC1}.Debug|Any CPU.Build.0 = Debug|Any CPU
		{843BBCD2-23D1-44A6-9CBF-4FB4739F8CC1}.Release|Any CPU.ActiveCfg = Release|Any CPU
		{843BBCD2-23D1-44A6-9CBF-4FB4739F8CC1}.Release|Any CPU.Build.0 = Release|Any CPU
		{FD4E9569-EDC1-4464-8371-3C2233D43980}.Debug|Any CPU.ActiveCfg = Debug|Any CPU
		{FD4E9569-EDC1-4464-8371-3C2233D43980}.Debug|Any CPU.Build.0 = Debug|Any CPU
		{FD4E9569-EDC1-4464-8371-3C2233D43980}.Release|Any CPU.ActiveCfg = Release|Any CPU
		{FD4E9569-EDC1-4464-8371-3C2233D43980}.Release|Any CPU.Build.0 = Release|Any CPU
		{0718EF3D-92AF-4A44-8FB7-5A4C73520C2D}.Debug|Any CPU.ActiveCfg = Debug|Any CPU
		{0718EF3D-92AF-4A44-8FB7-5A4C73520C2D}.Debug|Any CPU.Build.0 = Debug|Any CPU
		{0718EF3D-92AF-4A44-8FB7-5A4C73520C2D}.Release|Any CPU.ActiveCfg = Release|Any CPU
		{0718EF3D-92AF-4A44-8FB7-5A4C73520C2D}.Release|Any CPU.Build.0 = Release|Any CPU
		{96392C8E-926A-4FA4-ACCD-E3F819190A9D}.Debug|Any CPU.ActiveCfg = Debug|Any CPU
		{96392C8E-926A-4FA4-ACCD-E3F819190A9D}.Debug|Any CPU.Build.0 = Debug|Any CPU
		{96392C8E-926A-4FA4-ACCD-E3F819190A9D}.Release|Any CPU.ActiveCfg = Release|Any CPU
		{96392C8E-926A-4FA4-ACCD-E3F819190A9D}.Release|Any CPU.Build.0 = Release|Any CPU
		{D00BD186-63BE-420C-9198-69AA7C9B099D}.Debug|Any CPU.ActiveCfg = Debug|Any CPU
		{D00BD186-63BE-420C-9198-69AA7C9B099D}.Debug|Any CPU.Build.0 = Debug|Any CPU
		{D00BD186-63BE-420C-9198-69AA7C9B099D}.Release|Any CPU.ActiveCfg = Release|Any CPU
		{D00BD186-63BE-420C-9198-69AA7C9B099D}.Release|Any CPU.Build.0 = Release|Any CPU
		{BEA75E11-0277-4ACF-A914-AB67682F4001}.Debug|Any CPU.ActiveCfg = Debug|Any CPU
		{BEA75E11-0277-4ACF-A914-AB67682F4001}.Debug|Any CPU.Build.0 = Debug|Any CPU
		{BEA75E11-0277-4ACF-A914-AB67682F4001}.Release|Any CPU.ActiveCfg = Release|Any CPU
		{BEA75E11-0277-4ACF-A914-AB67682F4001}.Release|Any CPU.Build.0 = Release|Any CPU
	EndGlobalSection
EndGlobal
