
Microsoft Visual Studio Solution File, Format Version 12.00
Project("{2150E333-8FDC-42A3-9474-1A3956D46DE8}") = "Xml", "Xml", "{C5A219C0-339F-43E8-881A-296B419882C3}"
EndProject
Project("{2150E333-8FDC-42A3-9474-1A3956D46DE8}") = "XSLT", "XSLT", "{D2F86735-50E9-4CF2-A40D-64E6F65F9708}"
EndProject
Project("{FAE04EC0-301F-11D3-BF4B-00C04F79EFBC}") = "Playground.XsltTransform", "Xml\XSLT\Playground.XsltTransform\Playground.XsltTransform.csproj", "{42FFBAD9-CDA3-4F09-9B8D-C5770036E6E1}"
EndProject
Project("{FAE04EC0-301F-11D3-BF4B-00C04F79EFBC}") = "Playground.XsltTransformTests", "Xml\XSLT\Playground.XsltTransformTests\Playground.XsltTransformTests.csproj", "{AFA0B06F-97F4-4B84-BCFF-F1B411D8B94D}"
EndProject
Project("{FAE04EC0-301F-11D3-BF4B-00C04F79EFBC}") = "Playground.PaymentEngine", "Playground.PaymentEngine\Playground.PaymentEngine.csproj", "{3345CFCB-61A3-4735-AEE5-9EAFA29FA0F7}"
EndProject
Project("{FAE04EC0-301F-11D3-BF4B-00C04F79EFBC}") = "Playground.Router", "Playground.Router\Playground.Router.csproj", "{7C2C538D-E8EE-432F-8499-9CFEA1DA9846}"
EndProject
Project("{FAE04EC0-301F-11D3-BF4B-00C04F79EFBC}") = "Playground.Xml", "Xml\Playground.Xml\Playground.Xml.csproj", "{33F8E524-F211-48D2-9CF2-C1B63DE756B8}"
EndProject
Project("{FAE04EC0-301F-11D3-BF4B-00C04F79EFBC}") = "Playground.Core", "Playground.Core\Playground.Core.csproj", "{DCE8FECC-4242-4AF0-B441-8F10B2D8D439}"
EndProject
Project("{2150E333-8FDC-42A3-9474-1A3956D46DE8}") = "Rules", "Rules", "{CDBE39D0-B4DC-4735-9FAB-6BD702C493F8}"
EndProject
Project("{FAE04EC0-301F-11D3-BF4B-00C04F79EFBC}") = "Playground.Rules", "Rules\Playground.Rules\Playground.Rules.csproj", "{11102D8F-AC6B-4C3C-B3F1-CC2F1D42AD89}"
EndProject
Project("{FAE04EC0-301F-11D3-BF4B-00C04F79EFBC}") = "Playground.Rules.Tests", "Rules\Playground.Rules.Tests\Playground.Rules.Tests.csproj", "{5027204C-471E-44A2-B869-EAFCB0124333}"
EndProject
Project("{2150E333-8FDC-42A3-9474-1A3956D46DE8}") = "Stores", "Stores", "{09E272FD-F040-4266-944D-121BF9465612}"
EndProject
Project("{FAE04EC0-301F-11D3-BF4B-00C04F79EFBC}") = "Playground.PaymentEngine.Store", "Stores\Playground.PaymentEngine.Store\Playground.PaymentEngine.Store.csproj", "{B4FB852C-6116-4F78-8945-16547CCE5C49}"
EndProject
Project("{FAE04EC0-301F-11D3-BF4B-00C04F79EFBC}") = "Playground.PaymentEngine.Store.File", "Stores\Playground.PaymentEngine.Store.File\Playground.PaymentEngine.Store.File.csproj", "{843BBCD2-23D1-44A6-9CBF-4FB4739F8CC1}"
EndProject
Global
	GlobalSection(SolutionConfigurationPlatforms) = preSolution
		Debug|Any CPU = Debug|Any CPU
		Release|Any CPU = Release|Any CPU
	EndGlobalSection
	GlobalSection(NestedProjects) = preSolution
		{D2F86735-50E9-4CF2-A40D-64E6F65F9708} = {C5A219C0-339F-43E8-881A-296B419882C3}
		{42FFBAD9-CDA3-4F09-9B8D-C5770036E6E1} = {D2F86735-50E9-4CF2-A40D-64E6F65F9708}
		{AFA0B06F-97F4-4B84-BCFF-F1B411D8B94D} = {D2F86735-50E9-4CF2-A40D-64E6F65F9708}
		{33F8E524-F211-48D2-9CF2-C1B63DE756B8} = {C5A219C0-339F-43E8-881A-296B419882C3}
		{11102D8F-AC6B-4C3C-B3F1-CC2F1D42AD89} = {CDBE39D0-B4DC-4735-9FAB-6BD702C493F8}
		{5027204C-471E-44A2-B869-EAFCB0124333} = {CDBE39D0-B4DC-4735-9FAB-6BD702C493F8}
		{B4FB852C-6116-4F78-8945-16547CCE5C49} = {09E272FD-F040-4266-944D-121BF9465612}
		{843BBCD2-23D1-44A6-9CBF-4FB4739F8CC1} = {09E272FD-F040-4266-944D-121BF9465612}
	EndGlobalSection
	GlobalSection(ProjectConfigurationPlatforms) = postSolution
		{42FFBAD9-CDA3-4F09-9B8D-C5770036E6E1}.Debug|Any CPU.ActiveCfg = Debug|Any CPU
		{42FFBAD9-CDA3-4F09-9B8D-C5770036E6E1}.Debug|Any CPU.Build.0 = Debug|Any CPU
		{42FFBAD9-CDA3-4F09-9B8D-C5770036E6E1}.Release|Any CPU.ActiveCfg = Release|Any CPU
		{42FFBAD9-CDA3-4F09-9B8D-C5770036E6E1}.Release|Any CPU.Build.0 = Release|Any CPU
		{AFA0B06F-97F4-4B84-BCFF-F1B411D8B94D}.Debug|Any CPU.ActiveCfg = Debug|Any CPU
		{AFA0B06F-97F4-4B84-BCFF-F1B411D8B94D}.Debug|Any CPU.Build.0 = Debug|Any CPU
		{AFA0B06F-97F4-4B84-BCFF-F1B411D8B94D}.Release|Any CPU.ActiveCfg = Release|Any CPU
		{AFA0B06F-97F4-4B84-BCFF-F1B411D8B94D}.Release|Any CPU.Build.0 = Release|Any CPU
		{3345CFCB-61A3-4735-AEE5-9EAFA29FA0F7}.Debug|Any CPU.ActiveCfg = Debug|Any CPU
		{3345CFCB-61A3-4735-AEE5-9EAFA29FA0F7}.Debug|Any CPU.Build.0 = Debug|Any CPU
		{3345CFCB-61A3-4735-AEE5-9EAFA29FA0F7}.Release|Any CPU.ActiveCfg = Release|Any CPU
		{3345CFCB-61A3-4735-AEE5-9EAFA29FA0F7}.Release|Any CPU.Build.0 = Release|Any CPU
		{7C2C538D-E8EE-432F-8499-9CFEA1DA9846}.Debug|Any CPU.ActiveCfg = Debug|Any CPU
		{7C2C538D-E8EE-432F-8499-9CFEA1DA9846}.Debug|Any CPU.Build.0 = Debug|Any CPU
		{7C2C538D-E8EE-432F-8499-9CFEA1DA9846}.Release|Any CPU.ActiveCfg = Release|Any CPU
		{7C2C538D-E8EE-432F-8499-9CFEA1DA9846}.Release|Any CPU.Build.0 = Release|Any CPU
		{33F8E524-F211-48D2-9CF2-C1B63DE756B8}.Debug|Any CPU.ActiveCfg = Debug|Any CPU
		{33F8E524-F211-48D2-9CF2-C1B63DE756B8}.Debug|Any CPU.Build.0 = Debug|Any CPU
		{33F8E524-F211-48D2-9CF2-C1B63DE756B8}.Release|Any CPU.ActiveCfg = Release|Any CPU
		{33F8E524-F211-48D2-9CF2-C1B63DE756B8}.Release|Any CPU.Build.0 = Release|Any CPU
		{DCE8FECC-4242-4AF0-B441-8F10B2D8D439}.Debug|Any CPU.ActiveCfg = Debug|Any CPU
		{DCE8FECC-4242-4AF0-B441-8F10B2D8D439}.Debug|Any CPU.Build.0 = Debug|Any CPU
		{DCE8FECC-4242-4AF0-B441-8F10B2D8D439}.Release|Any CPU.ActiveCfg = Release|Any CPU
		{DCE8FECC-4242-4AF0-B441-8F10B2D8D439}.Release|Any CPU.Build.0 = Release|Any CPU
		{11102D8F-AC6B-4C3C-B3F1-CC2F1D42AD89}.Debug|Any CPU.ActiveCfg = Debug|Any CPU
		{11102D8F-AC6B-4C3C-B3F1-CC2F1D42AD89}.Debug|Any CPU.Build.0 = Debug|Any CPU
		{11102D8F-AC6B-4C3C-B3F1-CC2F1D42AD89}.Release|Any CPU.ActiveCfg = Release|Any CPU
		{11102D8F-AC6B-4C3C-B3F1-CC2F1D42AD89}.Release|Any CPU.Build.0 = Release|Any CPU
		{5027204C-471E-44A2-B869-EAFCB0124333}.Debug|Any CPU.ActiveCfg = Debug|Any CPU
		{5027204C-471E-44A2-B869-EAFCB0124333}.Debug|Any CPU.Build.0 = Debug|Any CPU
		{5027204C-471E-44A2-B869-EAFCB0124333}.Release|Any CPU.ActiveCfg = Release|Any CPU
		{5027204C-471E-44A2-B869-EAFCB0124333}.Release|Any CPU.Build.0 = Release|Any CPU
		{B4FB852C-6116-4F78-8945-16547CCE5C49}.Debug|Any CPU.ActiveCfg = Debug|Any CPU
		{B4FB852C-6116-4F78-8945-16547CCE5C49}.Debug|Any CPU.Build.0 = Debug|Any CPU
		{B4FB852C-6116-4F78-8945-16547CCE5C49}.Release|Any CPU.ActiveCfg = Release|Any CPU
		{B4FB852C-6116-4F78-8945-16547CCE5C49}.Release|Any CPU.Build.0 = Release|Any CPU
		{843BBCD2-23D1-44A6-9CBF-4FB4739F8CC1}.Debug|Any CPU.ActiveCfg = Debug|Any CPU
		{843BBCD2-23D1-44A6-9CBF-4FB4739F8CC1}.Debug|Any CPU.Build.0 = Debug|Any CPU
		{843BBCD2-23D1-44A6-9CBF-4FB4739F8CC1}.Release|Any CPU.ActiveCfg = Release|Any CPU
		{843BBCD2-23D1-44A6-9CBF-4FB4739F8CC1}.Release|Any CPU.Build.0 = Release|Any CPU
	EndGlobalSection
EndGlobal
